schema: '2.0'
stages:
  generate_data:
    cmd: python -m src.stages.00_generate_data --params params.yaml
    outs:
    - path: data/processed/test.csv
      hash: md5
      md5: 0a876246319e3ea5569dc9b4b73a64ac
      size: 464027
    - path: data/processed/train.csv
      hash: md5
      md5: 807a2b777d50ea450782bdfac11cc6af
      size: 1856408
  split:
    cmd: python -m src.stages.01_split --params params.yaml
    deps:
    - path: data/processed/test.csv
      hash: md5
      md5: 0a876246319e3ea5569dc9b4b73a64ac
      size: 464027
    - path: data/processed/train.csv
      hash: md5
      md5: 807a2b777d50ea450782bdfac11cc6af
      size: 1856408
    outs:
    - path: data/processed/X_test.npy
      hash: md5
      md5: 707f84c9d80e9b6e7a3127bb298e1e02
      size: 224128
    - path: data/processed/X_train.npy
      hash: md5
      md5: c7257b3c9c4938627a9732b64a3e484f
      size: 896128
    - path: data/processed/y_test.npy
      hash: md5
      md5: cc60d8253f31548034875ccdd1bbac99
      size: 32128
    - path: data/processed/y_train.npy
      hash: md5
      md5: 85188de03fc700fbb05b0132cb02330e
      size: 128128
  features:
    cmd: python -m src.stages.02_features --params params.yaml
    deps:
    - path: data/processed/X_test.npy
      hash: md5
      md5: c94ae334054fb2bd70b9d11724f4bf30
      size: 224128
    - path: data/processed/X_train.npy
      hash: md5
      md5: db11b79a3d67cd3b3b81570d112c04e0
      size: 896128
    - path: data/processed/y_test.npy
      hash: md5
      md5: cc60d8253f31548034875ccdd1bbac99
      size: 32128
    - path: data/processed/y_train.npy
      hash: md5
      md5: 85188de03fc700fbb05b0132cb02330e
      size: 128128
    outs:
    - path: artifacts/preprocess.joblib
      hash: md5
      md5: fc6750f7a7a476b79356976e49875559
      size: 1190
  train:
    cmd: python -m src.stages.03_train --params params.yaml
    deps:
    - path: artifacts/preprocess.joblib
      hash: md5
      md5: fc6750f7a7a476b79356976e49875559
      size: 1190
    - path: data/processed/X_test.npy
      hash: md5
      md5: c94ae334054fb2bd70b9d11724f4bf30
      size: 224128
    - path: data/processed/X_train.npy
      hash: md5
      md5: db11b79a3d67cd3b3b81570d112c04e0
      size: 896128
    - path: data/processed/y_test.npy
      hash: md5
      md5: cc60d8253f31548034875ccdd1bbac99
      size: 32128
    - path: data/processed/y_train.npy
      hash: md5
      md5: 85188de03fc700fbb05b0132cb02330e
      size: 128128
    outs:
    - path: artifacts/model.joblib
      hash: md5
      md5: 162cb9f8c35ed299899afac92ed095f5
      size: 182537
    - path: mlruns
      hash: md5
      md5: 3c7e2907007c4facf51ca8900a1b87c8.dir
      size: 182368
      nfiles: 22
  evaluate:
    cmd: python -m src.stages.04_evaluate --params params.yaml
    deps:
    - path: artifacts/model.joblib
      hash: md5
      md5: 162cb9f8c35ed299899afac92ed095f5
      size: 182537
    - path: data/processed/X_test.npy
      hash: md5
      md5: c94ae334054fb2bd70b9d11724f4bf30
      size: 224128
    - path: data/processed/y_test.npy
      hash: md5
      md5: cc60d8253f31548034875ccdd1bbac99
      size: 32128
    outs:
    - path: artifacts/metrics.json
      hash: md5
      md5: dbaed2cf030e00713a7a9d41b8e6e17f
      size: 54
